// !$*UTF8*$!
{
	archiveVersion = 1;
	classes = {
	};
	objectVersion = 46;
	objects = {

/* Begin PBXBuildFile section */
		E22569BE1B2BB6DC00E332AC /* AppDelegate.swift in Sources */ = {isa = PBXBuildFile; fileRef = E22569BD1B2BB6DC00E332AC /* AppDelegate.swift */; };
		E22569C01B2BB6DC00E332AC /* ViewController.swift in Sources */ = {isa = PBXBuildFile; fileRef = E22569BF1B2BB6DC00E332AC /* ViewController.swift */; };
		E22569C31B2BB6DC00E332AC /* Main.storyboard in Resources */ = {isa = PBXBuildFile; fileRef = E22569C11B2BB6DC00E332AC /* Main.storyboard */; };
		E22569C51B2BB6DC00E332AC /* Assets.xcassets in Resources */ = {isa = PBXBuildFile; fileRef = E22569C41B2BB6DC00E332AC /* Assets.xcassets */; };
		E22569C81B2BB6DC00E332AC /* LaunchScreen.storyboard in Resources */ = {isa = PBXBuildFile; fileRef = E22569C61B2BB6DC00E332AC /* LaunchScreen.storyboard */; };
		E22569D31B2BB6DC00E332AC /* AppleWatchScreenTests.swift in Sources */ = {isa = PBXBuildFile; fileRef = E22569D21B2BB6DC00E332AC /* AppleWatchScreenTests.swift */; };
		E22569DE1B2BB6DC00E332AC /* AppleWatchScreenUITests.swift in Sources */ = {isa = PBXBuildFile; fileRef = E22569DD1B2BB6DC00E332AC /* AppleWatchScreenUITests.swift */; };
		E22569EE1B2BB73800E332AC /* AWScreenDetection.swift in Sources */ = {isa = PBXBuildFile; fileRef = E22569ED1B2BB73800E332AC /* AWScreenDetection.swift */; };
		E22569F61B2BB97500E332AC /* Interface.storyboard in Resources */ = {isa = PBXBuildFile; fileRef = E22569F41B2BB97500E332AC /* Interface.storyboard */; };
		E22569F81B2BB97500E332AC /* Assets.xcassets in Resources */ = {isa = PBXBuildFile; fileRef = E22569F71B2BB97500E332AC /* Assets.xcassets */; };
		E22569FF1B2BB97500E332AC /* AWScreen Extension.appex in Embed App Extensions */ = {isa = PBXBuildFile; fileRef = E22569FE1B2BB97500E332AC /* AWScreen Extension.appex */; settings = {ATTRIBUTES = (RemoveHeadersOnCopy, ); }; };
		E2256A061B2BB97500E332AC /* InterfaceController.swift in Sources */ = {isa = PBXBuildFile; fileRef = E2256A051B2BB97500E332AC /* InterfaceController.swift */; };
		E2256A081B2BB97500E332AC /* ExtensionDelegate.swift in Sources */ = {isa = PBXBuildFile; fileRef = E2256A071B2BB97500E332AC /* ExtensionDelegate.swift */; };
		E2256A0A1B2BB97500E332AC /* NotificationController.swift in Sources */ = {isa = PBXBuildFile; fileRef = E2256A091B2BB97500E332AC /* NotificationController.swift */; };
		E2256A0C1B2BB97500E332AC /* Assets.xcassets in Resources */ = {isa = PBXBuildFile; fileRef = E2256A0B1B2BB97500E332AC /* Assets.xcassets */; };
		E2256A101B2BB97500E332AC /* AWScreen.app in Embed Watch Content */ = {isa = PBXBuildFile; fileRef = E22569F21B2BB97500E332AC /* AWScreen.app */; };
		E2256A1A1B2BB9AC00E332AC /* AWScreenDetection.swift in Sources */ = {isa = PBXBuildFile; fileRef = E22569ED1B2BB73800E332AC /* AWScreenDetection.swift */; };
/* End PBXBuildFile section */

/* Begin PBXContainerItemProxy section */
		E22569CF1B2BB6DC00E332AC /* PBXContainerItemProxy */ = {
			isa = PBXContainerItemProxy;
			containerPortal = E22569B21B2BB6DC00E332AC /* Project object */;
			proxyType = 1;
			remoteGlobalIDString = E22569B91B2BB6DC00E332AC;
			remoteInfo = AppleWatchScreen;
		};
		E22569DA1B2BB6DC00E332AC /* PBXContainerItemProxy */ = {
			isa = PBXContainerItemProxy;
			containerPortal = E22569B21B2BB6DC00E332AC /* Project object */;
			proxyType = 1;
			remoteGlobalIDString = E22569B91B2BB6DC00E332AC;
			remoteInfo = AppleWatchScreen;
		};
		E2256A001B2BB97500E332AC /* PBXContainerItemProxy */ = {
			isa = PBXContainerItemProxy;
			containerPortal = E22569B21B2BB6DC00E332AC /* Project object */;
			proxyType = 1;
			remoteGlobalIDString = E22569FD1B2BB97500E332AC;
			remoteInfo = "AWScreen Extension";
		};
		E2256A0E1B2BB97500E332AC /* PBXContainerItemProxy */ = {
			isa = PBXContainerItemProxy;
			containerPortal = E22569B21B2BB6DC00E332AC /* Project object */;
			proxyType = 1;
			remoteGlobalIDString = E22569F11B2BB97500E332AC;
			remoteInfo = AWScreen;
		};
/* End PBXContainerItemProxy section */

/* Begin PBXCopyFilesBuildPhase section */
		E2256A141B2BB97500E332AC /* Embed App Extensions */ = {
			isa = PBXCopyFilesBuildPhase;
			buildActionMask = 2147483647;
			dstPath = "";
			dstSubfolderSpec = 13;
			files = (
				E22569FF1B2BB97500E332AC /* AWScreen Extension.appex in Embed App Extensions */,
			);
			name = "Embed App Extensions";
			runOnlyForDeploymentPostprocessing = 0;
		};
		E2256A181B2BB97500E332AC /* Embed Watch Content */ = {
			isa = PBXCopyFilesBuildPhase;
			buildActionMask = 2147483647;
			dstPath = "$(CONTENTS_FOLDER_PATH)/Watch";
			dstSubfolderSpec = 16;
			files = (
				E2256A101B2BB97500E332AC /* AWScreen.app in Embed Watch Content */,
			);
			name = "Embed Watch Content";
			runOnlyForDeploymentPostprocessing = 0;
		};
/* End PBXCopyFilesBuildPhase section */

/* Begin PBXFileReference section */
		E22569BA1B2BB6DC00E332AC /* AppleWatchScreen.app */ = {isa = PBXFileReference; explicitFileType = wrapper.application; includeInIndex = 0; path = AppleWatchScreen.app; sourceTree = BUILT_PRODUCTS_DIR; };
		E22569BD1B2BB6DC00E332AC /* AppDelegate.swift */ = {isa = PBXFileReference; lastKnownFileType = sourcecode.swift; path = AppDelegate.swift; sourceTree = "<group>"; };
		E22569BF1B2BB6DC00E332AC /* ViewController.swift */ = {isa = PBXFileReference; lastKnownFileType = sourcecode.swift; path = ViewController.swift; sourceTree = "<group>"; };
		E22569C21B2BB6DC00E332AC /* Base */ = {isa = PBXFileReference; lastKnownFileType = file.storyboard; name = Base; path = Base.lproj/Main.storyboard; sourceTree = "<group>"; };
		E22569C41B2BB6DC00E332AC /* Assets.xcassets */ = {isa = PBXFileReference; lastKnownFileType = folder.assetcatalog; path = Assets.xcassets; sourceTree = "<group>"; };
		E22569C71B2BB6DC00E332AC /* Base */ = {isa = PBXFileReference; lastKnownFileType = file.storyboard; name = Base; path = Base.lproj/LaunchScreen.storyboard; sourceTree = "<group>"; };
		E22569C91B2BB6DC00E332AC /* Info.plist */ = {isa = PBXFileReference; lastKnownFileType = text.plist.xml; path = Info.plist; sourceTree = "<group>"; };
		E22569CE1B2BB6DC00E332AC /* AppleWatchScreenTests.xctest */ = {isa = PBXFileReference; explicitFileType = wrapper.cfbundle; includeInIndex = 0; path = AppleWatchScreenTests.xctest; sourceTree = BUILT_PRODUCTS_DIR; };
		E22569D21B2BB6DC00E332AC /* AppleWatchScreenTests.swift */ = {isa = PBXFileReference; lastKnownFileType = sourcecode.swift; path = AppleWatchScreenTests.swift; sourceTree = "<group>"; };
		E22569D41B2BB6DC00E332AC /* Info.plist */ = {isa = PBXFileReference; lastKnownFileType = text.plist.xml; path = Info.plist; sourceTree = "<group>"; };
		E22569D91B2BB6DC00E332AC /* AppleWatchScreenUITests.xctest */ = {isa = PBXFileReference; explicitFileType = wrapper.cfbundle; includeInIndex = 0; path = AppleWatchScreenUITests.xctest; sourceTree = BUILT_PRODUCTS_DIR; };
		E22569DD1B2BB6DC00E332AC /* AppleWatchScreenUITests.swift */ = {isa = PBXFileReference; lastKnownFileType = sourcecode.swift; path = AppleWatchScreenUITests.swift; sourceTree = "<group>"; };
		E22569DF1B2BB6DC00E332AC /* Info.plist */ = {isa = PBXFileReference; lastKnownFileType = text.plist.xml; path = Info.plist; sourceTree = "<group>"; };
		E22569ED1B2BB73800E332AC /* AWScreenDetection.swift */ = {isa = PBXFileReference; fileEncoding = 4; lastKnownFileType = sourcecode.swift; name = AWScreenDetection.swift; path = ../AppleWatchScreen/AWScreenDetection.swift; sourceTree = "<group>"; };
		E22569F21B2BB97500E332AC /* AWScreen.app */ = {isa = PBXFileReference; explicitFileType = wrapper.application; includeInIndex = 0; path = AWScreen.app; sourceTree = BUILT_PRODUCTS_DIR; };
		E22569F51B2BB97500E332AC /* Base */ = {isa = PBXFileReference; lastKnownFileType = file.storyboard; name = Base; path = Base.lproj/Interface.storyboard; sourceTree = "<group>"; };
		E22569F71B2BB97500E332AC /* Assets.xcassets */ = {isa = PBXFileReference; lastKnownFileType = folder.assetcatalog; path = Assets.xcassets; sourceTree = "<group>"; };
		E22569F91B2BB97500E332AC /* Info.plist */ = {isa = PBXFileReference; lastKnownFileType = text.plist.xml; path = Info.plist; sourceTree = "<group>"; };
		E22569FE1B2BB97500E332AC /* AWScreen Extension.appex */ = {isa = PBXFileReference; explicitFileType = "wrapper.app-extension"; includeInIndex = 0; path = "AWScreen Extension.appex"; sourceTree = BUILT_PRODUCTS_DIR; };
		E2256A041B2BB97500E332AC /* PushNotificationPayload.apns */ = {isa = PBXFileReference; lastKnownFileType = text; path = PushNotificationPayload.apns; sourceTree = "<group>"; };
		E2256A051B2BB97500E332AC /* InterfaceController.swift */ = {isa = PBXFileReference; lastKnownFileType = sourcecode.swift; path = InterfaceController.swift; sourceTree = "<group>"; };
		E2256A071B2BB97500E332AC /* ExtensionDelegate.swift */ = {isa = PBXFileReference; lastKnownFileType = sourcecode.swift; path = ExtensionDelegate.swift; sourceTree = "<group>"; };
		E2256A091B2BB97500E332AC /* NotificationController.swift */ = {isa = PBXFileReference; lastKnownFileType = sourcecode.swift; path = NotificationController.swift; sourceTree = "<group>"; };
		E2256A0B1B2BB97500E332AC /* Assets.xcassets */ = {isa = PBXFileReference; lastKnownFileType = folder.assetcatalog; path = Assets.xcassets; sourceTree = "<group>"; };
		E2256A0D1B2BB97500E332AC /* Info.plist */ = {isa = PBXFileReference; lastKnownFileType = text.plist.xml; path = Info.plist; sourceTree = "<group>"; };
/* End PBXFileReference section */

/* Begin PBXFrameworksBuildPhase section */
		E22569B71B2BB6DC00E332AC /* Frameworks */ = {
			isa = PBXFrameworksBuildPhase;
			buildActionMask = 2147483647;
			files = (
			);
			runOnlyForDeploymentPostprocessing = 0;
		};
		E22569CB1B2BB6DC00E332AC /* Frameworks */ = {
			isa = PBXFrameworksBuildPhase;
			buildActionMask = 2147483647;
			files = (
			);
			runOnlyForDeploymentPostprocessing = 0;
		};
		E22569D61B2BB6DC00E332AC /* Frameworks */ = {
			isa = PBXFrameworksBuildPhase;
			buildActionMask = 2147483647;
			files = (
			);
			runOnlyForDeploymentPostprocessing = 0;
		};
		E22569FB1B2BB97500E332AC /* Frameworks */ = {
			isa = PBXFrameworksBuildPhase;
			buildActionMask = 2147483647;
			files = (
			);
			runOnlyForDeploymentPostprocessing = 0;
		};
/* End PBXFrameworksBuildPhase section */

/* Begin PBXGroup section */
		E22569B11B2BB6DC00E332AC = {
			isa = PBXGroup;
			children = (
				E22569BC1B2BB6DC00E332AC /* AppleWatchScreen */,
				E22569D11B2BB6DC00E332AC /* AppleWatchScreenTests */,
				E22569DC1B2BB6DC00E332AC /* AppleWatchScreenUITests */,
				E22569F31B2BB97500E332AC /* AWScreen */,
				E2256A021B2BB97500E332AC /* AWScreen Extension */,
				E22569BB1B2BB6DC00E332AC /* Products */,
			);
			sourceTree = "<group>";
		};
		E22569BB1B2BB6DC00E332AC /* Products */ = {
			isa = PBXGroup;
			children = (
				E22569BA1B2BB6DC00E332AC /* AppleWatchScreen.app */,
				E22569CE1B2BB6DC00E332AC /* AppleWatchScreenTests.xctest */,
				E22569D91B2BB6DC00E332AC /* AppleWatchScreenUITests.xctest */,
				E22569F21B2BB97500E332AC /* AWScreen.app */,
				E22569FE1B2BB97500E332AC /* AWScreen Extension.appex */,
			);
			name = Products;
			sourceTree = "<group>";
		};
		E22569BC1B2BB6DC00E332AC /* AppleWatchScreen */ = {
			isa = PBXGroup;
			children = (
				E22569EF1B2BB80E00E332AC /* Class */,
				E22569BD1B2BB6DC00E332AC /* AppDelegate.swift */,
				E22569BF1B2BB6DC00E332AC /* ViewController.swift */,
				E22569C11B2BB6DC00E332AC /* Main.storyboard */,
				E22569C41B2BB6DC00E332AC /* Assets.xcassets */,
				E22569C61B2BB6DC00E332AC /* LaunchScreen.storyboard */,
				E22569C91B2BB6DC00E332AC /* Info.plist */,
			);
			path = AppleWatchScreen;
			sourceTree = "<group>";
		};
		E22569D11B2BB6DC00E332AC /* AppleWatchScreenTests */ = {
			isa = PBXGroup;
			children = (
				E22569D21B2BB6DC00E332AC /* AppleWatchScreenTests.swift */,
				E22569D41B2BB6DC00E332AC /* Info.plist */,
			);
			path = AppleWatchScreenTests;
			sourceTree = "<group>";
		};
		E22569DC1B2BB6DC00E332AC /* AppleWatchScreenUITests */ = {
			isa = PBXGroup;
			children = (
				E22569DD1B2BB6DC00E332AC /* AppleWatchScreenUITests.swift */,
				E22569DF1B2BB6DC00E332AC /* Info.plist */,
			);
			path = AppleWatchScreenUITests;
			sourceTree = "<group>";
		};
		E22569EF1B2BB80E00E332AC /* Class */ = {
			isa = PBXGroup;
			children = (
			);
			name = Class;
			sourceTree = "<group>";
		};
		E22569F31B2BB97500E332AC /* AWScreen */ = {
			isa = PBXGroup;
			children = (
				E22569F41B2BB97500E332AC /* Interface.storyboard */,
				E22569F71B2BB97500E332AC /* Assets.xcassets */,
				E22569F91B2BB97500E332AC /* Info.plist */,
			);
			path = AWScreen;
			sourceTree = "<group>";
		};
		E2256A021B2BB97500E332AC /* AWScreen Extension */ = {
			isa = PBXGroup;
			children = (
				E22569ED1B2BB73800E332AC /* AWScreenDetection.swift */,
				E2256A051B2BB97500E332AC /* InterfaceController.swift */,
				E2256A071B2BB97500E332AC /* ExtensionDelegate.swift */,
				E2256A091B2BB97500E332AC /* NotificationController.swift */,
				E2256A0B1B2BB97500E332AC /* Assets.xcassets */,
				E2256A0D1B2BB97500E332AC /* Info.plist */,
				E2256A031B2BB97500E332AC /* Supporting Files */,
			);
			path = "AWScreen Extension";
			sourceTree = "<group>";
		};
		E2256A031B2BB97500E332AC /* Supporting Files */ = {
			isa = PBXGroup;
			children = (
				E2256A041B2BB97500E332AC /* PushNotificationPayload.apns */,
			);
			name = "Supporting Files";
			sourceTree = "<group>";
		};
/* End PBXGroup section */

/* Begin PBXNativeTarget section */
		E22569B91B2BB6DC00E332AC /* AppleWatchScreen */ = {
			isa = PBXNativeTarget;
			buildConfigurationList = E22569E21B2BB6DC00E332AC /* Build configuration list for PBXNativeTarget "AppleWatchScreen" */;
			buildPhases = (
				E22569B61B2BB6DC00E332AC /* Sources */,
				E22569B71B2BB6DC00E332AC /* Frameworks */,
				E22569B81B2BB6DC00E332AC /* Resources */,
				E2256A181B2BB97500E332AC /* Embed Watch Content */,
			);
			buildRules = (
			);
			dependencies = (
				E2256A0F1B2BB97500E332AC /* PBXTargetDependency */,
			);
			name = AppleWatchScreen;
			productName = AppleWatchScreen;
			productReference = E22569BA1B2BB6DC00E332AC /* AppleWatchScreen.app */;
			productType = "com.apple.product-type.application";
		};
		E22569CD1B2BB6DC00E332AC /* AppleWatchScreenTests */ = {
			isa = PBXNativeTarget;
			buildConfigurationList = E22569E51B2BB6DC00E332AC /* Build configuration list for PBXNativeTarget "AppleWatchScreenTests" */;
			buildPhases = (
				E22569CA1B2BB6DC00E332AC /* Sources */,
				E22569CB1B2BB6DC00E332AC /* Frameworks */,
				E22569CC1B2BB6DC00E332AC /* Resources */,
			);
			buildRules = (
			);
			dependencies = (
				E22569D01B2BB6DC00E332AC /* PBXTargetDependency */,
			);
			name = AppleWatchScreenTests;
			productName = AppleWatchScreenTests;
			productReference = E22569CE1B2BB6DC00E332AC /* AppleWatchScreenTests.xctest */;
			productType = "com.apple.product-type.bundle.unit-test";
		};
		E22569D81B2BB6DC00E332AC /* AppleWatchScreenUITests */ = {
			isa = PBXNativeTarget;
			buildConfigurationList = E22569E81B2BB6DC00E332AC /* Build configuration list for PBXNativeTarget "AppleWatchScreenUITests" */;
			buildPhases = (
				E22569D51B2BB6DC00E332AC /* Sources */,
				E22569D61B2BB6DC00E332AC /* Frameworks */,
				E22569D71B2BB6DC00E332AC /* Resources */,
			);
			buildRules = (
			);
			dependencies = (
				E22569DB1B2BB6DC00E332AC /* PBXTargetDependency */,
			);
			name = AppleWatchScreenUITests;
			productName = AppleWatchScreenUITests;
			productReference = E22569D91B2BB6DC00E332AC /* AppleWatchScreenUITests.xctest */;
			productType = "com.apple.product-type.bundle.ui-testing";
		};
		E22569F11B2BB97500E332AC /* AWScreen */ = {
			isa = PBXNativeTarget;
			buildConfigurationList = E2256A151B2BB97500E332AC /* Build configuration list for PBXNativeTarget "AWScreen" */;
			buildPhases = (
				E22569F01B2BB97500E332AC /* Resources */,
				E2256A141B2BB97500E332AC /* Embed App Extensions */,
			);
			buildRules = (
			);
			dependencies = (
				E2256A011B2BB97500E332AC /* PBXTargetDependency */,
			);
			name = AWScreen;
			productName = AWScreen;
			productReference = E22569F21B2BB97500E332AC /* AWScreen.app */;
			productType = "com.apple.product-type.application.watchapp2";
		};
		E22569FD1B2BB97500E332AC /* AWScreen Extension */ = {
			isa = PBXNativeTarget;
			buildConfigurationList = E2256A111B2BB97500E332AC /* Build configuration list for PBXNativeTarget "AWScreen Extension" */;
			buildPhases = (
				E22569FA1B2BB97500E332AC /* Sources */,
				E22569FB1B2BB97500E332AC /* Frameworks */,
				E22569FC1B2BB97500E332AC /* Resources */,
			);
			buildRules = (
			);
			dependencies = (
			);
			name = "AWScreen Extension";
			productName = "AWScreen Extension";
			productReference = E22569FE1B2BB97500E332AC /* AWScreen Extension.appex */;
			productType = "com.apple.product-type.watchkit2-extension";
		};
/* End PBXNativeTarget section */

/* Begin PBXProject section */
		E22569B21B2BB6DC00E332AC /* Project object */ = {
			isa = PBXProject;
			attributes = {
				LastUpgradeCheck = 0700;
				ORGANIZATIONNAME = "Tom de ruiter";
				TargetAttributes = {
					E22569B91B2BB6DC00E332AC = {
						CreatedOnToolsVersion = 7.0;
					};
					E22569CD1B2BB6DC00E332AC = {
						CreatedOnToolsVersion = 7.0;
						TestTargetID = E22569B91B2BB6DC00E332AC;
					};
					E22569D81B2BB6DC00E332AC = {
						CreatedOnToolsVersion = 7.0;
						TestTargetID = E22569B91B2BB6DC00E332AC;
					};
					E22569F11B2BB97500E332AC = {
						CreatedOnToolsVersion = 7.0;
					};
					E22569FD1B2BB97500E332AC = {
						CreatedOnToolsVersion = 7.0;
					};
				};
			};
			buildConfigurationList = E22569B51B2BB6DC00E332AC /* Build configuration list for PBXProject "AppleWatchScreen" */;
			compatibilityVersion = "Xcode 3.2";
			developmentRegion = English;
			hasScannedForEncodings = 0;
			knownRegions = (
				en,
				Base,
			);
			mainGroup = E22569B11B2BB6DC00E332AC;
			productRefGroup = E22569BB1B2BB6DC00E332AC /* Products */;
			projectDirPath = "";
			projectRoot = "";
			targets = (
				E22569B91B2BB6DC00E332AC /* AppleWatchScreen */,
				E22569CD1B2BB6DC00E332AC /* AppleWatchScreenTests */,
				E22569D81B2BB6DC00E332AC /* AppleWatchScreenUITests */,
				E22569F11B2BB97500E332AC /* AWScreen */,
				E22569FD1B2BB97500E332AC /* AWScreen Extension */,
			);
		};
/* End PBXProject section */

/* Begin PBXResourcesBuildPhase section */
		E22569B81B2BB6DC00E332AC /* Resources */ = {
			isa = PBXResourcesBuildPhase;
			buildActionMask = 2147483647;
			files = (
				E22569C81B2BB6DC00E332AC /* LaunchScreen.storyboard in Resources */,
				E22569C51B2BB6DC00E332AC /* Assets.xcassets in Resources */,
				E22569C31B2BB6DC00E332AC /* Main.storyboard in Resources */,
			);
			runOnlyForDeploymentPostprocessing = 0;
		};
		E22569CC1B2BB6DC00E332AC /* Resources */ = {
			isa = PBXResourcesBuildPhase;
			buildActionMask = 2147483647;
			files = (
			);
			runOnlyForDeploymentPostprocessing = 0;
		};
		E22569D71B2BB6DC00E332AC /* Resources */ = {
			isa = PBXResourcesBuildPhase;
			buildActionMask = 2147483647;
			files = (
			);
			runOnlyForDeploymentPostprocessing = 0;
		};
		E22569F01B2BB97500E332AC /* Resources */ = {
			isa = PBXResourcesBuildPhase;
			buildActionMask = 2147483647;
			files = (
				E22569F81B2BB97500E332AC /* Assets.xcassets in Resources */,
				E22569F61B2BB97500E332AC /* Interface.storyboard in Resources */,
			);
			runOnlyForDeploymentPostprocessing = 0;
		};
		E22569FC1B2BB97500E332AC /* Resources */ = {
			isa = PBXResourcesBuildPhase;
			buildActionMask = 2147483647;
			files = (
				E2256A0C1B2BB97500E332AC /* Assets.xcassets in Resources */,
			);
			runOnlyForDeploymentPostprocessing = 0;
		};
/* End PBXResourcesBuildPhase section */

/* Begin PBXSourcesBuildPhase section */
		E22569B61B2BB6DC00E332AC /* Sources */ = {
			isa = PBXSourcesBuildPhase;
			buildActionMask = 2147483647;
			files = (
				E22569EE1B2BB73800E332AC /* AWScreenDetection.swift in Sources */,
				E22569C01B2BB6DC00E332AC /* ViewController.swift in Sources */,
				E22569BE1B2BB6DC00E332AC /* AppDelegate.swift in Sources */,
			);
			runOnlyForDeploymentPostprocessing = 0;
		};
		E22569CA1B2BB6DC00E332AC /* Sources */ = {
			isa = PBXSourcesBuildPhase;
			buildActionMask = 2147483647;
			files = (
				E22569D31B2BB6DC00E332AC /* AppleWatchScreenTests.swift in Sources */,
			);
			runOnlyForDeploymentPostprocessing = 0;
		};
		E22569D51B2BB6DC00E332AC /* Sources */ = {
			isa = PBXSourcesBuildPhase;
			buildActionMask = 2147483647;
			files = (
				E22569DE1B2BB6DC00E332AC /* AppleWatchScreenUITests.swift in Sources */,
			);
			runOnlyForDeploymentPostprocessing = 0;
		};
		E22569FA1B2BB97500E332AC /* Sources */ = {
			isa = PBXSourcesBuildPhase;
			buildActionMask = 2147483647;
			files = (
				E2256A0A1B2BB97500E332AC /* NotificationController.swift in Sources */,
				E2256A1A1B2BB9AC00E332AC /* AWScreenDetection.swift in Sources */,
				E2256A081B2BB97500E332AC /* ExtensionDelegate.swift in Sources */,
				E2256A061B2BB97500E332AC /* InterfaceController.swift in Sources */,
			);
			runOnlyForDeploymentPostprocessing = 0;
		};
/* End PBXSourcesBuildPhase section */

/* Begin PBXTargetDependency section */
		E22569D01B2BB6DC00E332AC /* PBXTargetDependency */ = {
			isa = PBXTargetDependency;
			target = E22569B91B2BB6DC00E332AC /* AppleWatchScreen */;
			targetProxy = E22569CF1B2BB6DC00E332AC /* PBXContainerItemProxy */;
		};
		E22569DB1B2BB6DC00E332AC /* PBXTargetDependency */ = {
			isa = PBXTargetDependency;
			target = E22569B91B2BB6DC00E332AC /* AppleWatchScreen */;
			targetProxy = E22569DA1B2BB6DC00E332AC /* PBXContainerItemProxy */;
		};
		E2256A011B2BB97500E332AC /* PBXTargetDependency */ = {
			isa = PBXTargetDependency;
			target = E22569FD1B2BB97500E332AC /* AWScreen Extension */;
			targetProxy = E2256A001B2BB97500E332AC /* PBXContainerItemProxy */;
		};
		E2256A0F1B2BB97500E332AC /* PBXTargetDependency */ = {
			isa = PBXTargetDependency;
			target = E22569F11B2BB97500E332AC /* AWScreen */;
			targetProxy = E2256A0E1B2BB97500E332AC /* PBXContainerItemProxy */;
		};
/* End PBXTargetDependency section */

/* Begin PBXVariantGroup section */
		E22569C11B2BB6DC00E332AC /* Main.storyboard */ = {
			isa = PBXVariantGroup;
			children = (
				E22569C21B2BB6DC00E332AC /* Base */,
			);
			name = Main.storyboard;
			sourceTree = "<group>";
		};
		E22569C61B2BB6DC00E332AC /* LaunchScreen.storyboard */ = {
			isa = PBXVariantGroup;
			children = (
				E22569C71B2BB6DC00E332AC /* Base */,
			);
			name = LaunchScreen.storyboard;
			sourceTree = "<group>";
		};
		E22569F41B2BB97500E332AC /* Interface.storyboard */ = {
			isa = PBXVariantGroup;
			children = (
				E22569F51B2BB97500E332AC /* Base */,
			);
			name = Interface.storyboard;
			sourceTree = "<group>";
		};
/* End PBXVariantGroup section */

/* Begin XCBuildConfiguration section */
		E22569E01B2BB6DC00E332AC /* Debug */ = {
			isa = XCBuildConfiguration;
			buildSettings = {
				ALWAYS_SEARCH_USER_PATHS = NO;
				CLANG_CXX_LANGUAGE_STANDARD = "gnu++0x";
				CLANG_CXX_LIBRARY = "libc++";
				CLANG_ENABLE_MODULES = YES;
				CLANG_ENABLE_OBJC_ARC = YES;
				CLANG_WARN_BOOL_CONVERSION = YES;
				CLANG_WARN_CONSTANT_CONVERSION = YES;
				CLANG_WARN_DIRECT_OBJC_ISA_USAGE = YES_ERROR;
				CLANG_WARN_EMPTY_BODY = YES;
				CLANG_WARN_ENUM_CONVERSION = YES;
				CLANG_WARN_INT_CONVERSION = YES;
				CLANG_WARN_OBJC_ROOT_CLASS = YES_ERROR;
				CLANG_WARN_UNREACHABLE_CODE = YES;
				CLANG_WARN__DUPLICATE_METHOD_MATCH = YES;
				"CODE_SIGN_IDENTITY[sdk=iphoneos*]" = "iPhone Developer";
				COPY_PHASE_STRIP = NO;
				DEBUG_INFORMATION_FORMAT = dwarf;
				ENABLE_STRICT_OBJC_MSGSEND = YES;
				ENABLE_TESTABILITY = YES;
				GCC_C_LANGUAGE_STANDARD = gnu99;
				GCC_DYNAMIC_NO_PIC = NO;
				GCC_NO_COMMON_BLOCKS = YES;
				GCC_OPTIMIZATION_LEVEL = 0;
				GCC_PREPROCESSOR_DEFINITIONS = (
					"DEBUG=1",
					"$(inherited)",
				);
				GCC_WARN_64_TO_32_BIT_CONVERSION = YES;
				GCC_WARN_ABOUT_RETURN_TYPE = YES_ERROR;
				GCC_WARN_UNDECLARED_SELECTOR = YES;
				GCC_WARN_UNINITIALIZED_AUTOS = YES_AGGRESSIVE;
				GCC_WARN_UNUSED_FUNCTION = YES;
				GCC_WARN_UNUSED_VARIABLE = YES;
				IPHONEOS_DEPLOYMENT_TARGET = 9.0;
				MTL_ENABLE_DEBUG_INFO = YES;
				ONLY_ACTIVE_ARCH = YES;
				SDKROOT = iphoneos;
				SWIFT_OPTIMIZATION_LEVEL = "-Onone";
			};
			name = Debug;
		};
		E22569E11B2BB6DC00E332AC /* Release */ = {
			isa = XCBuildConfiguration;
			buildSettings = {
				ALWAYS_SEARCH_USER_PATHS = NO;
				CLANG_CXX_LANGUAGE_STANDARD = "gnu++0x";
				CLANG_CXX_LIBRARY = "libc++";
				CLANG_ENABLE_MODULES = YES;
				CLANG_ENABLE_OBJC_ARC = YES;
				CLANG_WARN_BOOL_CONVERSION = YES;
				CLANG_WARN_CONSTANT_CONVERSION = YES;
				CLANG_WARN_DIRECT_OBJC_ISA_USAGE = YES_ERROR;
				CLANG_WARN_EMPTY_BODY = YES;
				CLANG_WARN_ENUM_CONVERSION = YES;
				CLANG_WARN_INT_CONVERSION = YES;
				CLANG_WARN_OBJC_ROOT_CLASS = YES_ERROR;
				CLANG_WARN_UNREACHABLE_CODE = YES;
				CLANG_WARN__DUPLICATE_METHOD_MATCH = YES;
				"CODE_SIGN_IDENTITY[sdk=iphoneos*]" = "iPhone Developer";
				COPY_PHASE_STRIP = NO;
				DEBUG_INFORMATION_FORMAT = "dwarf-with-dsym";
				ENABLE_NS_ASSERTIONS = NO;
				ENABLE_STRICT_OBJC_MSGSEND = YES;
				GCC_C_LANGUAGE_STANDARD = gnu99;
				GCC_NO_COMMON_BLOCKS = YES;
				GCC_WARN_64_TO_32_BIT_CONVERSION = YES;
				GCC_WARN_ABOUT_RETURN_TYPE = YES_ERROR;
				GCC_WARN_UNDECLARED_SELECTOR = YES;
				GCC_WARN_UNINITIALIZED_AUTOS = YES_AGGRESSIVE;
				GCC_WARN_UNUSED_FUNCTION = YES;
				GCC_WARN_UNUSED_VARIABLE = YES;
				IPHONEOS_DEPLOYMENT_TARGET = 9.0;
				MTL_ENABLE_DEBUG_INFO = NO;
				SDKROOT = iphoneos;
				VALIDATE_PRODUCT = YES;
			};
			name = Release;
		};
		E22569E31B2BB6DC00E332AC /* Debug */ = {
			isa = XCBuildConfiguration;
			buildSettings = {
				ASSETCATALOG_COMPILER_APPICON_NAME = AppIcon;
				INFOPLIST_FILE = AppleWatchScreen/Info.plist;
				LD_RUNPATH_SEARCH_PATHS = "$(inherited) @executable_path/Frameworks";
				PRODUCT_BUNDLE_IDENTIFIER = com.Rydee.AppleWatchScreen;
				PRODUCT_NAME = "$(TARGET_NAME)";
			};
			name = Debug;
		};
		E22569E41B2BB6DC00E332AC /* Release */ = {
			isa = XCBuildConfiguration;
			buildSettings = {
				ASSETCATALOG_COMPILER_APPICON_NAME = AppIcon;
				INFOPLIST_FILE = AppleWatchScreen/Info.plist;
				LD_RUNPATH_SEARCH_PATHS = "$(inherited) @executable_path/Frameworks";
				PRODUCT_BUNDLE_IDENTIFIER = com.Rydee.AppleWatchScreen;
				PRODUCT_NAME = "$(TARGET_NAME)";
			};
			name = Release;
		};
		E22569E61B2BB6DC00E332AC /* Debug */ = {
			isa = XCBuildConfiguration;
			buildSettings = {
				BUNDLE_LOADER = "$(TEST_HOST)";
				INFOPLIST_FILE = AppleWatchScreenTests/Info.plist;
				LD_RUNPATH_SEARCH_PATHS = "$(inherited) @executable_path/Frameworks @loader_path/Frameworks";
				PRODUCT_BUNDLE_IDENTIFIER = com.Rydee.AppleWatchScreenTests;
				PRODUCT_NAME = "$(TARGET_NAME)";
				TEST_HOST = "$(BUILT_PRODUCTS_DIR)/AppleWatchScreen.app/AppleWatchScreen";
			};
			name = Debug;
		};
		E22569E71B2BB6DC00E332AC /* Release */ = {
			isa = XCBuildConfiguration;
			buildSettings = {
				BUNDLE_LOADER = "$(TEST_HOST)";
				INFOPLIST_FILE = AppleWatchScreenTests/Info.plist;
				LD_RUNPATH_SEARCH_PATHS = "$(inherited) @executable_path/Frameworks @loader_path/Frameworks";
				PRODUCT_BUNDLE_IDENTIFIER = com.Rydee.AppleWatchScreenTests;
				PRODUCT_NAME = "$(TARGET_NAME)";
				TEST_HOST = "$(BUILT_PRODUCTS_DIR)/AppleWatchScreen.app/AppleWatchScreen";
			};
			name = Release;
		};
		E22569E91B2BB6DC00E332AC /* Debug */ = {
			isa = XCBuildConfiguration;
			buildSettings = {
				INFOPLIST_FILE = AppleWatchScreenUITests/Info.plist;
				LD_RUNPATH_SEARCH_PATHS = "$(inherited) @executable_path/Frameworks @loader_path/Frameworks";
				PRODUCT_BUNDLE_IDENTIFIER = com.Rydee.AppleWatchScreenUITests;
				PRODUCT_NAME = "$(TARGET_NAME)";
				TEST_TARGET_NAME = AppleWatchScreen;
				USES_XCTRUNNER = YES;
			};
			name = Debug;
		};
		E22569EA1B2BB6DC00E332AC /* Release */ = {
			isa = XCBuildConfiguration;
			buildSettings = {
				INFOPLIST_FILE = AppleWatchScreenUITests/Info.plist;
				LD_RUNPATH_SEARCH_PATHS = "$(inherited) @executable_path/Frameworks @loader_path/Frameworks";
				PRODUCT_BUNDLE_IDENTIFIER = com.Rydee.AppleWatchScreenUITests;
				PRODUCT_NAME = "$(TARGET_NAME)";
				TEST_TARGET_NAME = AppleWatchScreen;
				USES_XCTRUNNER = YES;
			};
			name = Release;
		};
		E2256A121B2BB97500E332AC /* Debug */ = {
			isa = XCBuildConfiguration;
			buildSettings = {
				"CODE_SIGN_IDENTITY[sdk=watchos*]" = "iPhone Developer";
				INFOPLIST_FILE = "AWScreen Extension/Info.plist";
				LD_RUNPATH_SEARCH_PATHS = "$(inherited) @executable_path/Frameworks @executable_path/../../Frameworks";
				PRODUCT_BUNDLE_IDENTIFIER = com.Rydee.AppleWatchScreen.watchkitapp.watchkitextension;
				PRODUCT_NAME = "${TARGET_NAME}";
				SDKROOT = watchos;
				SKIP_INSTALL = YES;
				TARGETED_DEVICE_FAMILY = 4;
				WATCHOS_DEPLOYMENT_TARGET = 2.0;
			};
			name = Debug;
		};
		E2256A131B2BB97500E332AC /* Release */ = {
			isa = XCBuildConfiguration;
			buildSettings = {
				"CODE_SIGN_IDENTITY[sdk=watchos*]" = "iPhone Developer";
				INFOPLIST_FILE = "AWScreen Extension/Info.plist";
				LD_RUNPATH_SEARCH_PATHS = "$(inherited) @executable_path/Frameworks @executable_path/../../Frameworks";
				PRODUCT_BUNDLE_IDENTIFIER = com.Rydee.AppleWatchScreen.watchkitapp.watchkitextension;
				PRODUCT_NAME = "${TARGET_NAME}";
				SDKROOT = watchos;
				SKIP_INSTALL = YES;
				TARGETED_DEVICE_FAMILY = 4;
				WATCHOS_DEPLOYMENT_TARGET = 2.0;
			};
			name = Release;
		};
		E2256A161B2BB97500E332AC /* Debug */ = {
			isa = XCBuildConfiguration;
			buildSettings = {
				ASSETCATALOG_COMPILER_APPICON_NAME = AppIcon;
				"CODE_SIGN_IDENTITY[sdk=watchos*]" = "iPhone Developer";
				EMBEDDED_CONTENT_CONTAINS_SWIFT = YES;
				IBSC_MODULE = AWScreen_Extension;
				INFOPLIST_FILE = AWScreen/Info.plist;
				PRODUCT_BUNDLE_IDENTIFIER = com.Rydee.AppleWatchScreen.watchkitapp;
				PRODUCT_NAME = "$(TARGET_NAME)";
				SDKROOT = watchos;
				SKIP_INSTALL = YES;
				TARGETED_DEVICE_FAMILY = 4;
				WATCHOS_DEPLOYMENT_TARGET = 2.0;
			};
			name = Debug;
		};
		E2256A171B2BB97500E332AC /* Release */ = {
			isa = XCBuildConfiguration;
			buildSettings = {
				ASSETCATALOG_COMPILER_APPICON_NAME = AppIcon;
				"CODE_SIGN_IDENTITY[sdk=watchos*]" = "iPhone Developer";
				EMBEDDED_CONTENT_CONTAINS_SWIFT = YES;
				IBSC_MODULE = AWScreen_Extension;
				INFOPLIST_FILE = AWScreen/Info.plist;
				PRODUCT_BUNDLE_IDENTIFIER = com.Rydee.AppleWatchScreen.watchkitapp;
				PRODUCT_NAME = "$(TARGET_NAME)";
				SDKROOT = watchos;
				SKIP_INSTALL = YES;
				TARGETED_DEVICE_FAMILY = 4;
				WATCHOS_DEPLOYMENT_TARGET = 2.0;
			};
			name = Release;
		};
/* End XCBuildConfiguration section */

/* Begin XCConfigurationList section */
		E22569B51B2BB6DC00E332AC /* Build configuration list for PBXProject "AppleWatchScreen" */ = {
			isa = XCConfigurationList;
			buildConfigurations = (
				E22569E01B2BB6DC00E332AC /* Debug */,
				E22569E11B2BB6DC00E332AC /* Release */,
			);
			defaultConfigurationIsVisible = 0;
			defaultConfigurationName = Release;
		};
		E22569E21B2BB6DC00E332AC /* Build configuration list for PBXNativeTarget "AppleWatchScreen" */ = {
			isa = XCConfigurationList;
			buildConfigurations = (
				E22569E31B2BB6DC00E332AC /* Debug */,
				E22569E41B2BB6DC00E332AC /* Release */,
			);
			defaultConfigurationIsVisible = 0;
		};
		E22569E51B2BB6DC00E332AC /* Build configuration list for PBXNativeTarget "AppleWatchScreenTests" */ = {
			isa = XCConfigurationList;
			buildConfigurations = (
				E22569E61B2BB6DC00E332AC /* Debug */,
				E22569E71B2BB6DC00E332AC /* Release */,
			);
			defaultConfigurationIsVisible = 0;
		};
		E22569E81B2BB6DC00E332AC /* Build configuration list for PBXNativeTarget "AppleWatchScreenUITests" */ = {
			isa = XCConfigurationList;
			buildConfigurations = (
				E22569E91B2BB6DC00E332AC /* Debug */,
				E22569EA1B2BB6DC00E332AC /* Release */,
			);
			defaultConfigurationIsVisible = 0;
		};
		E2256A111B2BB97500E332AC /* Build configuration list for PBXNativeTarget "AWScreen Extension" */ = {
			isa = XCConfigurationList;
			buildConfigurations = (
				E2256A121B2BB97500E332AC /* Debug */,
				E2256A131B2BB97500E332AC /* Release */,
			);
			defaultConfigurationIsVisible = 0;
		};
		E2256A151B2BB97500E332AC /* Build configuration list for PBXNativeTarget "AWScreen" */ = {
			isa = XCConfigurationList;
			buildConfigurations = (
				E2256A161B2BB97500E332AC /* Debug */,
				E2256A171B2BB97500E332AC /* Release */,
			);
			defaultConfigurationIsVisible = 0;
		};
/* End XCConfigurationList section */
	};
	rootObject = E22569B21B2BB6DC00E332AC /* Project object */;
}
